// !$*UTF8*$!
{
	archiveVersion = 1;
	classes = {
	};
	objectVersion = 55;
	objects = {

/* Begin PBXBuildFile section */
		524ABB8E27F3B2BA00FF37D5 /* CalculatedAmountView.swift in Sources */ = {isa = PBXBuildFile; fileRef = 524ABB8D27F3B2BA00FF37D5 /* CalculatedAmountView.swift */; };
		524ABB9227F3B52000FF37D5 /* SwiftUIExtensions.swift in Sources */ = {isa = PBXBuildFile; fileRef = 524ABB9127F3B52000FF37D5 /* SwiftUIExtensions.swift */; };
		529D201427A5889500793317 /* AppDelegate.swift in Sources */ = {isa = PBXBuildFile; fileRef = 529D201327A5889500793317 /* AppDelegate.swift */; };
		529D201627A5889500793317 /* SceneDelegate.swift in Sources */ = {isa = PBXBuildFile; fileRef = 529D201527A5889500793317 /* SceneDelegate.swift */; };
		529D201827A5889500793317 /* TipperViewController.swift in Sources */ = {isa = PBXBuildFile; fileRef = 529D201727A5889500793317 /* TipperViewController.swift */; };
		529D201B27A5889500793317 /* Main.storyboard in Resources */ = {isa = PBXBuildFile; fileRef = 529D201927A5889500793317 /* Main.storyboard */; };
		529D201D27A5889600793317 /* Assets.xcassets in Resources */ = {isa = PBXBuildFile; fileRef = 529D201C27A5889600793317 /* Assets.xcassets */; };
		529D202027A5889600793317 /* LaunchScreen.storyboard in Resources */ = {isa = PBXBuildFile; fileRef = 529D201E27A5889600793317 /* LaunchScreen.storyboard */; };
		529D202B27A5889600793317 /* TipperUIKitTests.swift in Sources */ = {isa = PBXBuildFile; fileRef = 529D202A27A5889600793317 /* TipperUIKitTests.swift */; };
		529D203527A5889600793317 /* TipperUIKitUITests.swift in Sources */ = {isa = PBXBuildFile; fileRef = 529D203427A5889600793317 /* TipperUIKitUITests.swift */; };
		529D203727A5889600793317 /* TipperUIKitUITestsLaunchTests.swift in Sources */ = {isa = PBXBuildFile; fileRef = 529D203627A5889600793317 /* TipperUIKitUITestsLaunchTests.swift */; };
		529D204427A6FAB600793317 /* TipperViewModel.swift in Sources */ = {isa = PBXBuildFile; fileRef = 529D204327A6FAB600793317 /* TipperViewModel.swift */; };
/* End PBXBuildFile section */

/* Begin PBXContainerItemProxy section */
		529D202727A5889600793317 /* PBXContainerItemProxy */ = {
			isa = PBXContainerItemProxy;
			containerPortal = 529D200827A5889500793317 /* Project object */;
			proxyType = 1;
			remoteGlobalIDString = 529D200F27A5889500793317;
			remoteInfo = TipperUIKit;
		};
		529D203127A5889600793317 /* PBXContainerItemProxy */ = {
			isa = PBXContainerItemProxy;
			containerPortal = 529D200827A5889500793317 /* Project object */;
			proxyType = 1;
			remoteGlobalIDString = 529D200F27A5889500793317;
			remoteInfo = TipperUIKit;
		};
/* End PBXContainerItemProxy section */

/* Begin PBXFileReference section */
		524ABB8D27F3B2BA00FF37D5 /* CalculatedAmountView.swift */ = {isa = PBXFileReference; lastKnownFileType = sourcecode.swift; path = CalculatedAmountView.swift; sourceTree = "<group>"; };
		524ABB9127F3B52000FF37D5 /* SwiftUIExtensions.swift */ = {isa = PBXFileReference; lastKnownFileType = sourcecode.swift; path = SwiftUIExtensions.swift; sourceTree = "<group>"; };
		529D201027A5889500793317 /* TipperUIKit.app */ = {isa = PBXFileReference; explicitFileType = wrapper.application; includeInIndex = 0; path = TipperUIKit.app; sourceTree = BUILT_PRODUCTS_DIR; };
		529D201327A5889500793317 /* AppDelegate.swift */ = {isa = PBXFileReference; lastKnownFileType = sourcecode.swift; path = AppDelegate.swift; sourceTree = "<group>"; };
		529D201527A5889500793317 /* SceneDelegate.swift */ = {isa = PBXFileReference; lastKnownFileType = sourcecode.swift; path = SceneDelegate.swift; sourceTree = "<group>"; };
		529D201727A5889500793317 /* TipperViewController.swift */ = {isa = PBXFileReference; lastKnownFileType = sourcecode.swift; path = TipperViewController.swift; sourceTree = "<group>"; };
		529D201A27A5889500793317 /* Base */ = {isa = PBXFileReference; lastKnownFileType = file.storyboard; name = Base; path = Base.lproj/Main.storyboard; sourceTree = "<group>"; };
		529D201C27A5889600793317 /* Assets.xcassets */ = {isa = PBXFileReference; lastKnownFileType = folder.assetcatalog; path = Assets.xcassets; sourceTree = "<group>"; };
		529D201F27A5889600793317 /* Base */ = {isa = PBXFileReference; lastKnownFileType = file.storyboard; name = Base; path = Base.lproj/LaunchScreen.storyboard; sourceTree = "<group>"; };
		529D202127A5889600793317 /* Info.plist */ = {isa = PBXFileReference; lastKnownFileType = text.plist.xml; path = Info.plist; sourceTree = "<group>"; };
		529D202627A5889600793317 /* TipperUIKitTests.xctest */ = {isa = PBXFileReference; explicitFileType = wrapper.cfbundle; includeInIndex = 0; path = TipperUIKitTests.xctest; sourceTree = BUILT_PRODUCTS_DIR; };
		529D202A27A5889600793317 /* TipperUIKitTests.swift */ = {isa = PBXFileReference; lastKnownFileType = sourcecode.swift; path = TipperUIKitTests.swift; sourceTree = "<group>"; };
		529D203027A5889600793317 /* TipperUIKitUITests.xctest */ = {isa = PBXFileReference; explicitFileType = wrapper.cfbundle; includeInIndex = 0; path = TipperUIKitUITests.xctest; sourceTree = BUILT_PRODUCTS_DIR; };
		529D203427A5889600793317 /* TipperUIKitUITests.swift */ = {isa = PBXFileReference; lastKnownFileType = sourcecode.swift; path = TipperUIKitUITests.swift; sourceTree = "<group>"; };
		529D203627A5889600793317 /* TipperUIKitUITestsLaunchTests.swift */ = {isa = PBXFileReference; lastKnownFileType = sourcecode.swift; path = TipperUIKitUITestsLaunchTests.swift; sourceTree = "<group>"; };
		529D204327A6FAB600793317 /* TipperViewModel.swift */ = {isa = PBXFileReference; lastKnownFileType = sourcecode.swift; path = TipperViewModel.swift; sourceTree = "<group>"; };
/* End PBXFileReference section */

/* Begin PBXFrameworksBuildPhase section */
		529D200D27A5889500793317 /* Frameworks */ = {
			isa = PBXFrameworksBuildPhase;
			buildActionMask = 2147483647;
			files = (
			);
			runOnlyForDeploymentPostprocessing = 0;
		};
		529D202327A5889600793317 /* Frameworks */ = {
			isa = PBXFrameworksBuildPhase;
			buildActionMask = 2147483647;
			files = (
			);
			runOnlyForDeploymentPostprocessing = 0;
		};
		529D202D27A5889600793317 /* Frameworks */ = {
			isa = PBXFrameworksBuildPhase;
			buildActionMask = 2147483647;
			files = (
			);
			runOnlyForDeploymentPostprocessing = 0;
		};
/* End PBXFrameworksBuildPhase section */

/* Begin PBXGroup section */
		524ABB8C27F3B28E00FF37D5 /* Views */ = {
			isa = PBXGroup;
			children = (
				524ABB8D27F3B2BA00FF37D5 /* CalculatedAmountView.swift */,
			);
			path = Views;
			sourceTree = "<group>";
		};
		524ABB8F27F3B4BC00FF37D5 /* Extensions */ = {
			isa = PBXGroup;
			children = (
				524ABB9127F3B52000FF37D5 /* SwiftUIExtensions.swift */,
			);
			path = Extensions;
			sourceTree = "<group>";
		};
		529D200727A5889500793317 = {
			isa = PBXGroup;
			children = (
				529D201227A5889500793317 /* TipperUIKit */,
				529D202927A5889600793317 /* TipperUIKitTests */,
				529D203327A5889600793317 /* TipperUIKitUITests */,
				529D201127A5889500793317 /* Products */,
			);
			sourceTree = "<group>";
		};
		529D201127A5889500793317 /* Products */ = {
			isa = PBXGroup;
			children = (
				529D201027A5889500793317 /* TipperUIKit.app */,
				529D202627A5889600793317 /* TipperUIKitTests.xctest */,
				529D203027A5889600793317 /* TipperUIKitUITests.xctest */,
			);
			name = Products;
			sourceTree = "<group>";
		};
		529D201227A5889500793317 /* TipperUIKit */ = {
			isa = PBXGroup;
			children = (
				524ABB8C27F3B28E00FF37D5 /* Views */,
				524ABB8F27F3B4BC00FF37D5 /* Extensions */,
				529D201327A5889500793317 /* AppDelegate.swift */,
				529D201527A5889500793317 /* SceneDelegate.swift */,
				529D204327A6FAB600793317 /* TipperViewModel.swift */,
				529D201727A5889500793317 /* TipperViewController.swift */,
				529D201927A5889500793317 /* Main.storyboard */,
				529D201C27A5889600793317 /* Assets.xcassets */,
				529D201E27A5889600793317 /* LaunchScreen.storyboard */,
				529D202127A5889600793317 /* Info.plist */,
			);
			path = TipperUIKit;
			sourceTree = "<group>";
		};
		529D202927A5889600793317 /* TipperUIKitTests */ = {
			isa = PBXGroup;
			children = (
				529D202A27A5889600793317 /* TipperUIKitTests.swift */,
			);
			path = TipperUIKitTests;
			sourceTree = "<group>";
		};
		529D203327A5889600793317 /* TipperUIKitUITests */ = {
			isa = PBXGroup;
			children = (
				529D203427A5889600793317 /* TipperUIKitUITests.swift */,
				529D203627A5889600793317 /* TipperUIKitUITestsLaunchTests.swift */,
			);
			path = TipperUIKitUITests;
			sourceTree = "<group>";
		};
/* End PBXGroup section */

/* Begin PBXNativeTarget section */
		529D200F27A5889500793317 /* TipperUIKit */ = {
			isa = PBXNativeTarget;
			buildConfigurationList = 529D203A27A5889600793317 /* Build configuration list for PBXNativeTarget "TipperUIKit" */;
			buildPhases = (
				529D200C27A5889500793317 /* Sources */,
				529D200D27A5889500793317 /* Frameworks */,
				529D200E27A5889500793317 /* Resources */,
			);
			buildRules = (
			);
			dependencies = (
			);
			name = TipperUIKit;
			productName = TipperUIKit;
			productReference = 529D201027A5889500793317 /* TipperUIKit.app */;
			productType = "com.apple.product-type.application";
		};
		529D202527A5889600793317 /* TipperUIKitTests */ = {
			isa = PBXNativeTarget;
			buildConfigurationList = 529D203D27A5889600793317 /* Build configuration list for PBXNativeTarget "TipperUIKitTests" */;
			buildPhases = (
				529D202227A5889600793317 /* Sources */,
				529D202327A5889600793317 /* Frameworks */,
				529D202427A5889600793317 /* Resources */,
			);
			buildRules = (
			);
			dependencies = (
				529D202827A5889600793317 /* PBXTargetDependency */,
			);
			name = TipperUIKitTests;
			productName = TipperUIKitTests;
			productReference = 529D202627A5889600793317 /* TipperUIKitTests.xctest */;
			productType = "com.apple.product-type.bundle.unit-test";
		};
		529D202F27A5889600793317 /* TipperUIKitUITests */ = {
			isa = PBXNativeTarget;
			buildConfigurationList = 529D204027A5889600793317 /* Build configuration list for PBXNativeTarget "TipperUIKitUITests" */;
			buildPhases = (
				529D202C27A5889600793317 /* Sources */,
				529D202D27A5889600793317 /* Frameworks */,
				529D202E27A5889600793317 /* Resources */,
			);
			buildRules = (
			);
			dependencies = (
				529D203227A5889600793317 /* PBXTargetDependency */,
			);
			name = TipperUIKitUITests;
			productName = TipperUIKitUITests;
			productReference = 529D203027A5889600793317 /* TipperUIKitUITests.xctest */;
			productType = "com.apple.product-type.bundle.ui-testing";
		};
/* End PBXNativeTarget section */

/* Begin PBXProject section */
		529D200827A5889500793317 /* Project object */ = {
			isa = PBXProject;
			attributes = {
				BuildIndependentTargetsInParallel = 1;
				LastSwiftUpdateCheck = 1320;
				LastUpgradeCheck = 1320;
				TargetAttributes = {
					529D200F27A5889500793317 = {
						CreatedOnToolsVersion = 13.2.1;
					};
					529D202527A5889600793317 = {
						CreatedOnToolsVersion = 13.2.1;
						TestTargetID = 529D200F27A5889500793317;
					};
					529D202F27A5889600793317 = {
						CreatedOnToolsVersion = 13.2.1;
						TestTargetID = 529D200F27A5889500793317;
					};
				};
			};
			buildConfigurationList = 529D200B27A5889500793317 /* Build configuration list for PBXProject "TipperUIKit" */;
			compatibilityVersion = "Xcode 13.0";
			developmentRegion = en;
			hasScannedForEncodings = 0;
			knownRegions = (
				en,
				Base,
			);
			mainGroup = 529D200727A5889500793317;
			productRefGroup = 529D201127A5889500793317 /* Products */;
			projectDirPath = "";
			projectRoot = "";
			targets = (
				529D200F27A5889500793317 /* TipperUIKit */,
				529D202527A5889600793317 /* TipperUIKitTests */,
				529D202F27A5889600793317 /* TipperUIKitUITests */,
			);
		};
/* End PBXProject section */

/* Begin PBXResourcesBuildPhase section */
		529D200E27A5889500793317 /* Resources */ = {
			isa = PBXResourcesBuildPhase;
			buildActionMask = 2147483647;
			files = (
				529D202027A5889600793317 /* LaunchScreen.storyboard in Resources */,
				529D201D27A5889600793317 /* Assets.xcassets in Resources */,
				529D201B27A5889500793317 /* Main.storyboard in Resources */,
			);
			runOnlyForDeploymentPostprocessing = 0;
		};
		529D202427A5889600793317 /* Resources */ = {
			isa = PBXResourcesBuildPhase;
			buildActionMask = 2147483647;
			files = (
			);
			runOnlyForDeploymentPostprocessing = 0;
		};
		529D202E27A5889600793317 /* Resources */ = {
			isa = PBXResourcesBuildPhase;
			buildActionMask = 2147483647;
			files = (
			);
			runOnlyForDeploymentPostprocessing = 0;
		};
/* End PBXResourcesBuildPhase section */

/* Begin PBXSourcesBuildPhase section */
		529D200C27A5889500793317 /* Sources */ = {
			isa = PBXSourcesBuildPhase;
			buildActionMask = 2147483647;
			files = (
				529D201827A5889500793317 /* TipperViewController.swift in Sources */,
				529D201427A5889500793317 /* AppDelegate.swift in Sources */,
				524ABB8E27F3B2BA00FF37D5 /* CalculatedAmountView.swift in Sources */,
				524ABB9227F3B52000FF37D5 /* SwiftUIExtensions.swift in Sources */,
				529D204427A6FAB600793317 /* TipperViewModel.swift in Sources */,
				529D201627A5889500793317 /* SceneDelegate.swift in Sources */,
			);
			runOnlyForDeploymentPostprocessing = 0;
		};
		529D202227A5889600793317 /* Sources */ = {
			isa = PBXSourcesBuildPhase;
			buildActionMask = 2147483647;
			files = (
				529D202B27A5889600793317 /* TipperUIKitTests.swift in Sources */,
			);
			runOnlyForDeploymentPostprocessing = 0;
		};
		529D202C27A5889600793317 /* Sources */ = {
			isa = PBXSourcesBuildPhase;
			buildActionMask = 2147483647;
			files = (
				529D203527A5889600793317 /* TipperUIKitUITests.swift in Sources */,
				529D203727A5889600793317 /* TipperUIKitUITestsLaunchTests.swift in Sources */,
			);
			runOnlyForDeploymentPostprocessing = 0;
		};
/* End PBXSourcesBuildPhase section */

/* Begin PBXTargetDependency section */
		529D202827A5889600793317 /* PBXTargetDependency */ = {
			isa = PBXTargetDependency;
			target = 529D200F27A5889500793317 /* TipperUIKit */;
			targetProxy = 529D202727A5889600793317 /* PBXContainerItemProxy */;
		};
		529D203227A5889600793317 /* PBXTargetDependency */ = {
			isa = PBXTargetDependency;
			target = 529D200F27A5889500793317 /* TipperUIKit */;
			targetProxy = 529D203127A5889600793317 /* PBXContainerItemProxy */;
		};
/* End PBXTargetDependency section */

/* Begin PBXVariantGroup section */
		529D201927A5889500793317 /* Main.storyboard */ = {
			isa = PBXVariantGroup;
			children = (
				529D201A27A5889500793317 /* Base */,
			);
			name = Main.storyboard;
			sourceTree = "<group>";
		};
		529D201E27A5889600793317 /* LaunchScreen.storyboard */ = {
			isa = PBXVariantGroup;
			children = (
				529D201F27A5889600793317 /* Base */,
			);
			name = LaunchScreen.storyboard;
			sourceTree = "<group>";
		};
/* End PBXVariantGroup section */

/* Begin XCBuildConfiguration section */
		529D203827A5889600793317 /* Debug */ = {
			isa = XCBuildConfiguration;
			buildSettings = {
				ALWAYS_SEARCH_USER_PATHS = NO;
				CLANG_ANALYZER_NONNULL = YES;
				CLANG_ANALYZER_NUMBER_OBJECT_CONVERSION = YES_AGGRESSIVE;
				CLANG_CXX_LANGUAGE_STANDARD = "gnu++17";
				CLANG_CXX_LIBRARY = "libc++";
				CLANG_ENABLE_MODULES = YES;
				CLANG_ENABLE_OBJC_ARC = YES;
				CLANG_ENABLE_OBJC_WEAK = YES;
				CLANG_WARN_BLOCK_CAPTURE_AUTORELEASING = YES;
				CLANG_WARN_BOOL_CONVERSION = YES;
				CLANG_WARN_COMMA = YES;
				CLANG_WARN_CONSTANT_CONVERSION = YES;
				CLANG_WARN_DEPRECATED_OBJC_IMPLEMENTATIONS = YES;
				CLANG_WARN_DIRECT_OBJC_ISA_USAGE = YES_ERROR;
				CLANG_WARN_DOCUMENTATION_COMMENTS = YES;
				CLANG_WARN_EMPTY_BODY = YES;
				CLANG_WARN_ENUM_CONVERSION = YES;
				CLANG_WARN_INFINITE_RECURSION = YES;
				CLANG_WARN_INT_CONVERSION = YES;
				CLANG_WARN_NON_LITERAL_NULL_CONVERSION = YES;
				CLANG_WARN_OBJC_IMPLICIT_RETAIN_SELF = YES;
				CLANG_WARN_OBJC_LITERAL_CONVERSION = YES;
				CLANG_WARN_OBJC_ROOT_CLASS = YES_ERROR;
				CLANG_WARN_QUOTED_INCLUDE_IN_FRAMEWORK_HEADER = YES;
				CLANG_WARN_RANGE_LOOP_ANALYSIS = YES;
				CLANG_WARN_STRICT_PROTOTYPES = YES;
				CLANG_WARN_SUSPICIOUS_MOVE = YES;
				CLANG_WARN_UNGUARDED_AVAILABILITY = YES_AGGRESSIVE;
				CLANG_WARN_UNREACHABLE_CODE = YES;
				CLANG_WARN__DUPLICATE_METHOD_MATCH = YES;
				COPY_PHASE_STRIP = NO;
				DEBUG_INFORMATION_FORMAT = dwarf;
				ENABLE_STRICT_OBJC_MSGSEND = YES;
				ENABLE_TESTABILITY = YES;
				GCC_C_LANGUAGE_STANDARD = gnu11;
				GCC_DYNAMIC_NO_PIC = NO;
				GCC_NO_COMMON_BLOCKS = YES;
				GCC_OPTIMIZATION_LEVEL = 0;
				GCC_PREPROCESSOR_DEFINITIONS = (
					"DEBUG=1",
					"$(inherited)",
				);
				GCC_WARN_64_TO_32_BIT_CONVERSION = YES;
				GCC_WARN_ABOUT_RETURN_TYPE = YES_ERROR;
				GCC_WARN_UNDECLARED_SELECTOR = YES;
				GCC_WARN_UNINITIALIZED_AUTOS = YES_AGGRESSIVE;
				GCC_WARN_UNUSED_FUNCTION = YES;
				GCC_WARN_UNUSED_VARIABLE = YES;
				IPHONEOS_DEPLOYMENT_TARGET = 15.2;
				MTL_ENABLE_DEBUG_INFO = INCLUDE_SOURCE;
				MTL_FAST_MATH = YES;
				ONLY_ACTIVE_ARCH = YES;
				SDKROOT = iphoneos;
				SWIFT_ACTIVE_COMPILATION_CONDITIONS = DEBUG;
				SWIFT_OPTIMIZATION_LEVEL = "-Onone";
			};
			name = Debug;
		};
		529D203927A5889600793317 /* Release */ = {
			isa = XCBuildConfiguration;
			buildSettings = {
				ALWAYS_SEARCH_USER_PATHS = NO;
				CLANG_ANALYZER_NONNULL = YES;
				CLANG_ANALYZER_NUMBER_OBJECT_CONVERSION = YES_AGGRESSIVE;
				CLANG_CXX_LANGUAGE_STANDARD = "gnu++17";
				CLANG_CXX_LIBRARY = "libc++";
				CLANG_ENABLE_MODULES = YES;
				CLANG_ENABLE_OBJC_ARC = YES;
				CLANG_ENABLE_OBJC_WEAK = YES;
				CLANG_WARN_BLOCK_CAPTURE_AUTORELEASING = YES;
				CLANG_WARN_BOOL_CONVERSION = YES;
				CLANG_WARN_COMMA = YES;
				CLANG_WARN_CONSTANT_CONVERSION = YES;
				CLANG_WARN_DEPRECATED_OBJC_IMPLEMENTATIONS = YES;
				CLANG_WARN_DIRECT_OBJC_ISA_USAGE = YES_ERROR;
				CLANG_WARN_DOCUMENTATION_COMMENTS = YES;
				CLANG_WARN_EMPTY_BODY = YES;
				CLANG_WARN_ENUM_CONVERSION = YES;
				CLANG_WARN_INFINITE_RECURSION = YES;
				CLANG_WARN_INT_CONVERSION = YES;
				CLANG_WARN_NON_LITERAL_NULL_CONVERSION = YES;
				CLANG_WARN_OBJC_IMPLICIT_RETAIN_SELF = YES;
				CLANG_WARN_OBJC_LITERAL_CONVERSION = YES;
				CLANG_WARN_OBJC_ROOT_CLASS = YES_ERROR;
				CLANG_WARN_QUOTED_INCLUDE_IN_FRAMEWORK_HEADER = YES;
				CLANG_WARN_RANGE_LOOP_ANALYSIS = YES;
				CLANG_WARN_STRICT_PROTOTYPES = YES;
				CLANG_WARN_SUSPICIOUS_MOVE = YES;
				CLANG_WARN_UNGUARDED_AVAILABILITY = YES_AGGRESSIVE;
				CLANG_WARN_UNREACHABLE_CODE = YES;
				CLANG_WARN__DUPLICATE_METHOD_MATCH = YES;
				COPY_PHASE_STRIP = NO;
				DEBUG_INFORMATION_FORMAT = "dwarf-with-dsym";
				ENABLE_NS_ASSERTIONS = NO;
				ENABLE_STRICT_OBJC_MSGSEND = YES;
				GCC_C_LANGUAGE_STANDARD = gnu11;
				GCC_NO_COMMON_BLOCKS = YES;
				GCC_WARN_64_TO_32_BIT_CONVERSION = YES;
				GCC_WARN_ABOUT_RETURN_TYPE = YES_ERROR;
				GCC_WARN_UNDECLARED_SELECTOR = YES;
				GCC_WARN_UNINITIALIZED_AUTOS = YES_AGGRESSIVE;
				GCC_WARN_UNUSED_FUNCTION = YES;
				GCC_WARN_UNUSED_VARIABLE = YES;
				IPHONEOS_DEPLOYMENT_TARGET = 15.2;
				MTL_ENABLE_DEBUG_INFO = NO;
				MTL_FAST_MATH = YES;
				SDKROOT = iphoneos;
				SWIFT_COMPILATION_MODE = wholemodule;
				SWIFT_OPTIMIZATION_LEVEL = "-O";
				VALIDATE_PRODUCT = YES;
			};
			name = Release;
		};
		529D203B27A5889600793317 /* Debug */ = {
			isa = XCBuildConfiguration;
			buildSettings = {
				ASSETCATALOG_COMPILER_APPICON_NAME = AppIcon;
				ASSETCATALOG_COMPILER_GLOBAL_ACCENT_COLOR_NAME = AccentColor;
				CODE_SIGN_STYLE = Automatic;
				CURRENT_PROJECT_VERSION = 1;
				DEVELOPMENT_TEAM = K97KHP3ZWG;
				GENERATE_INFOPLIST_FILE = YES;
				INFOPLIST_FILE = TipperUIKit/Info.plist;
				INFOPLIST_KEY_UIApplicationSupportsIndirectInputEvents = YES;
				INFOPLIST_KEY_UILaunchStoryboardName = LaunchScreen;
				INFOPLIST_KEY_UIMainStoryboardFile = Main;
				INFOPLIST_KEY_UISupportedInterfaceOrientations_iPad = "UIInterfaceOrientationPortrait UIInterfaceOrientationPortraitUpsideDown UIInterfaceOrientationLandscapeLeft UIInterfaceOrientationLandscapeRight";
				INFOPLIST_KEY_UISupportedInterfaceOrientations_iPhone = "UIInterfaceOrientationPortrait UIInterfaceOrientationLandscapeLeft UIInterfaceOrientationLandscapeRight";
				LD_RUNPATH_SEARCH_PATHS = (
					"$(inherited)",
					"@executable_path/Frameworks",
				);
				MARKETING_VERSION = 1.0;
				PRODUCT_BUNDLE_IDENTIFIER = com.sunfishempire.TipperUIKit;
				PRODUCT_NAME = "$(TARGET_NAME)";
				SWIFT_EMIT_LOC_STRINGS = YES;
				SWIFT_VERSION = 5.0;
				TARGETED_DEVICE_FAMILY = "1,2";
			};
			name = Debug;
		};
		529D203C27A5889600793317 /* Release */ = {
			isa = XCBuildConfiguration;
			buildSettings = {
				ASSETCATALOG_COMPILER_APPICON_NAME = AppIcon;
				ASSETCATALOG_COMPILER_GLOBAL_ACCENT_COLOR_NAME = AccentColor;
				CODE_SIGN_STYLE = Automatic;
				CURRENT_PROJECT_VERSION = 1;
				DEVELOPMENT_TEAM = K97KHP3ZWG;
				GENERATE_INFOPLIST_FILE = YES;
				INFOPLIST_FILE = TipperUIKit/Info.plist;
				INFOPLIST_KEY_UIApplicationSupportsIndirectInputEvents = YES;
				INFOPLIST_KEY_UILaunchStoryboardName = LaunchScreen;
				INFOPLIST_KEY_UIMainStoryboardFile = Main;
				INFOPLIST_KEY_UISupportedInterfaceOrientations_iPad = "UIInterfaceOrientationPortrait UIInterfaceOrientationPortraitUpsideDown UIInterfaceOrientationLandscapeLeft UIInterfaceOrientationLandscapeRight";
				INFOPLIST_KEY_UISupportedInterfaceOrientations_iPhone = "UIInterfaceOrientationPortrait UIInterfaceOrientationLandscapeLeft UIInterfaceOrientationLandscapeRight";
				LD_RUNPATH_SEARCH_PATHS = (
					"$(inherited)",
					"@executable_path/Frameworks",
				);
				MARKETING_VERSION = 1.0;
				PRODUCT_BUNDLE_IDENTIFIER = com.sunfishempire.TipperUIKit;
				PRODUCT_NAME = "$(TARGET_NAME)";
				SWIFT_EMIT_LOC_STRINGS = YES;
				SWIFT_VERSION = 5.0;
				TARGETED_DEVICE_FAMILY = "1,2";
			};
			name = Release;
		};
		529D203E27A5889600793317 /* Debug */ = {
			isa = XCBuildConfiguration;
			buildSettings = {
				ALWAYS_EMBED_SWIFT_STANDARD_LIBRARIES = YES;
				BUNDLE_LOADER = "$(TEST_HOST)";
				CODE_SIGN_STYLE = Automatic;
				CURRENT_PROJECT_VERSION = 1;
				DEVELOPMENT_TEAM = K97KHP3ZWG;
				GENERATE_INFOPLIST_FILE = YES;
				IPHONEOS_DEPLOYMENT_TARGET = 15.2;
				MARKETING_VERSION = 1.0;
				PRODUCT_BUNDLE_IDENTIFIER = com.sunfishempire.TipperUIKitTests;
				PRODUCT_NAME = "$(TARGET_NAME)";
				SWIFT_EMIT_LOC_STRINGS = NO;
				SWIFT_VERSION = 5.0;
				TARGETED_DEVICE_FAMILY = "1,2";
				TEST_HOST = "$(BUILT_PRODUCTS_DIR)/TipperUIKit.app/TipperUIKit";
			};
			name = Debug;
		};
		529D203F27A5889600793317 /* Release */ = {
			isa = XCBuildConfiguration;
			buildSettings = {
				ALWAYS_EMBED_SWIFT_STANDARD_LIBRARIES = YES;
				BUNDLE_LOADER = "$(TEST_HOST)";
				CODE_SIGN_STYLE = Automatic;
				CURRENT_PROJECT_VERSION = 1;
				DEVELOPMENT_TEAM = K97KHP3ZWG;
				GENERATE_INFOPLIST_FILE = YES;
				IPHONEOS_DEPLOYMENT_TARGET = 15.2;
				MARKETING_VERSION = 1.0;
				PRODUCT_BUNDLE_IDENTIFIER = com.sunfishempire.TipperUIKitTests;
				PRODUCT_NAME = "$(TARGET_NAME)";
				SWIFT_EMIT_LOC_STRINGS = NO;
				SWIFT_VERSION = 5.0;
				TARGETED_DEVICE_FAMILY = "1,2";
				TEST_HOST = "$(BUILT_PRODUCTS_DIR)/TipperUIKit.app/TipperUIKit";
			};
			name = Release;
		};
		529D204127A5889600793317 /* Debug */ = {
			isa = XCBuildConfiguration;
			buildSettings = {
				ALWAYS_EMBED_SWIFT_STANDARD_LIBRARIES = YES;
				CODE_SIGN_STYLE = Automatic;
				CURRENT_PROJECT_VERSION = 1;
				DEVELOPMENT_TEAM = K97KHP3ZWG;
				GENERATE_INFOPLIST_FILE = YES;
				MARKETING_VERSION = 1.0;
				PRODUCT_BUNDLE_IDENTIFIER = com.sunfishempire.TipperUIKitUITests;
				PRODUCT_NAME = "$(TARGET_NAME)";
				SWIFT_EMIT_LOC_STRINGS = NO;
				SWIFT_VERSION = 5.0;
				TARGETED_DEVICE_FAMILY = "1,2";
				TEST_TARGET_NAME = TipperUIKit;
			};
			name = Debug;
		};
		529D204227A5889600793317 /* Release */ = {
			isa = XCBuildConfiguration;
			buildSettings = {
				ALWAYS_EMBED_SWIFT_STANDARD_LIBRARIES = YES;
				CODE_SIGN_STYLE = Automatic;
				CURRENT_PROJECT_VERSION = 1;
				DEVELOPMENT_TEAM = K97KHP3ZWG;
				GENERATE_INFOPLIST_FILE = YES;
				MARKETING_VERSION = 1.0;
				PRODUCT_BUNDLE_IDENTIFIER = com.sunfishempire.TipperUIKitUITests;
				PRODUCT_NAME = "$(TARGET_NAME)";
				SWIFT_EMIT_LOC_STRINGS = NO;
				SWIFT_VERSION = 5.0;
				TARGETED_DEVICE_FAMILY = "1,2";
				TEST_TARGET_NAME = TipperUIKit;
			};
			name = Release;
		};
/* End XCBuildConfiguration section */

/* Begin XCConfigurationList section */
		529D200B27A5889500793317 /* Build configuration list for PBXProject "TipperUIKit" */ = {
			isa = XCConfigurationList;
			buildConfigurations = (
				529D203827A5889600793317 /* Debug */,
				529D203927A5889600793317 /* Release */,
			);
			defaultConfigurationIsVisible = 0;
			defaultConfigurationName = Release;
		};
		529D203A27A5889600793317 /* Build configuration list for PBXNativeTarget "TipperUIKit" */ = {
			isa = XCConfigurationList;
			buildConfigurations = (
				529D203B27A5889600793317 /* Debug */,
				529D203C27A5889600793317 /* Release */,
			);
			defaultConfigurationIsVisible = 0;
			defaultConfigurationName = Release;
		};
		529D203D27A5889600793317 /* Build configuration list for PBXNativeTarget "TipperUIKitTests" */ = {
			isa = XCConfigurationList;
			buildConfigurations = (
				529D203E27A5889600793317 /* Debug */,
				529D203F27A5889600793317 /* Release */,
			);
			defaultConfigurationIsVisible = 0;
			defaultConfigurationName = Release;
		};
		529D204027A5889600793317 /* Build configuration list for PBXNativeTarget "TipperUIKitUITests" */ = {
			isa = XCConfigurationList;
			buildConfigurations = (
				529D204127A5889600793317 /* Debug */,
				529D204227A5889600793317 /* Release */,
			);
			defaultConfigurationIsVisible = 0;
			defaultConfigurationName = Release;
		};
/* End XCConfigurationList section */
	};
	rootObject = 529D200827A5889500793317 /* Project object */;
}
